
Microsoft Visual Studio Solution File, Format Version 12.00
# Visual Studio Version 17
VisualStudioVersion = 17.6.33829.357
MinimumVisualStudioVersion = 10.0.40219.1
Project("{9A19103F-16F7-4668-BE54-9A1E7A4F7556}") = "KubeSharpOperator", "KubeSharpOperator\KubeSharpOperator.csproj", "{C314EF39-FCD0-45C2-BFD6-A4A4CEA51B71}"
EndProject
Project("{FAE04EC0-301F-11D3-BF4B-00C04F79EFBC}") = "TestJob", "TestJob\TestJob.csproj", "{1E549546-8E04-4A92-A9BE-5A5D866C1142}"
EndProject
Global
	GlobalSection(SolutionConfigurationPlatforms) = preSolution
		Debug|Any CPU = Debug|Any CPU
		Release|Any CPU = Release|Any CPU
	EndGlobalSection
	GlobalSection(ProjectConfigurationPlatforms) = postSolution
		{C314EF39-FCD0-45C2-BFD6-A4A4CEA51B71}.Debug|Any CPU.ActiveCfg = Debug|Any CPU
		{C314EF39-FCD0-45C2-BFD6-A4A4CEA51B71}.Debug|Any CPU.Build.0 = Debug|Any CPU
		{C314EF39-FCD0-45C2-BFD6-A4A4CEA51B71}.Release|Any CPU.ActiveCfg = Release|Any CPU
		{C314EF39-FCD0-45C2-BFD6-A4A4CEA51B71}.Release|Any CPU.Build.0 = Release|Any CPU
		{1E549546-8E04-4A92-A9BE-5A5D866C1142}.Debug|Any CPU.ActiveCfg = Debug|Any CPU
		{1E549546-8E04-4A92-A9BE-5A5D866C1142}.Debug|Any CPU.Build.0 = Debug|Any CPU
		{1E549546-8E04-4A92-A9BE-5A5D866C1142}.Release|Any CPU.ActiveCfg = Release|Any CPU
		{1E549546-8E04-4A92-A9BE-5A5D866C1142}.Release|Any CPU.Build.0 = Release|Any CPU
	EndGlobalSection
	GlobalSection(SolutionProperties) = preSolution
		HideSolutionNode = FALSE
	EndGlobalSection
	GlobalSection(ExtensibilityGlobals) = postSolution
		SolutionGuid = {AEB8466B-077D-4BF5-ABAC-EB2CE046D264}
	EndGlobalSection
EndGlobal
